# Code generated by scarb DO NOT EDIT.
version = 1

[[package]]
name = "openzeppelin"
version = "0.8.0"
source = "git+https://github.com/OpenZeppelin/cairo-contracts.git?tag=v0.8.0#6f72a5236865f78380c194b4223783fa0f163be0"

[[package]]
name = "token"
version = "0.1.0"
dependencies = [
 "openzeppelin",
]
